
Microsoft Visual Studio Solution File, Format Version 12.00
# Visual Studio Version 17
VisualStudioVersion = 17.3.32922.545
MinimumVisualStudioVersion = 10.0.40219.1
Project("{FAE04EC0-301F-11D3-BF4B-00C04F79EFBC}") = "DSPACardio.Web", "DSPACardio.Web\DSPACardio.Web.csproj", "{D20719F6-159E-4BA4-B93C-956467A2A717}"
EndProject
Global
	GlobalSection(SolutionConfigurationPlatforms) = preSolution
		Debug|Any CPU = Debug|Any CPU
		Release|Any CPU = Release|Any CPU
	EndGlobalSection
	GlobalSection(ProjectConfigurationPlatforms) = postSolution
		{D20719F6-159E-4BA4-B93C-956467A2A717}.Debug|Any CPU.ActiveCfg = Debug|Any CPU
		{D20719F6-159E-4BA4-B93C-956467A2A717}.Debug|Any CPU.Build.0 = Debug|Any CPU
		{D20719F6-159E-4BA4-B93C-956467A2A717}.Release|Any CPU.ActiveCfg = Release|Any CPU
		{D20719F6-159E-4BA4-B93C-956467A2A717}.Release|Any CPU.Build.0 = Release|Any CPU
	EndGlobalSection
	GlobalSection(SolutionProperties) = preSolution
		HideSolutionNode = FALSE
	EndGlobalSection
	GlobalSection(ExtensibilityGlobals) = postSolution
		SolutionGuid = {416C8A45-ACBD-4E66-AE9D-C81B8781AA13}
	EndGlobalSection
EndGlobal
